
Microsoft Visual Studio Solution File, Format Version 12.00
# Visual Studio Version 17
VisualStudioVersion = 17.9.34616.47
MinimumVisualStudioVersion = 10.0.40219.1
Project("{2150E333-8FDC-42A3-9474-1A3956D46DE8}") = "Sources", "Sources", "{778EFD98-BFEF-49F1-9AB3-82AB2D403F60}"
EndProject
Project("{9A19103F-16F7-4668-BE54-9A1E7A4F7556}") = "FluentHelper.ElasticSearch", "..\Sources\FluentHelper.ElasticSearch\FluentHelper.ElasticSearch.csproj", "{0D40856F-9528-41E1-9AB9-EB1194AE6051}"
EndProject
Project("{FAE04EC0-301F-11D3-BF4B-00C04F79EFBC}") = "FluentHelper.ElasticSearch.Examples.Runner", "FluentHelper.ElasticSearch.Examples.Runner\FluentHelper.ElasticSearch.Examples.Runner.csproj", "{8C2D1749-46AC-446C-9573-85D82A994ECB}"
EndProject
Project("{FAE04EC0-301F-11D3-BF4B-00C04F79EFBC}") = "FluentHelper.ElasticSearch.Examples.Models", "FluentHelper.ElasticSearch.Examples.Models\FluentHelper.ElasticSearch.Examples.Models.csproj", "{887CFD6A-7ECC-451A-A921-7068F7F443FD}"
EndProject
Project("{FAE04EC0-301F-11D3-BF4B-00C04F79EFBC}") = "FluentHelper.ElasticSearch.Examples.Mappings", "FluentHelper.ElasticSearch.Examples.Mappings\FluentHelper.ElasticSearch.Examples.Mappings.csproj", "{6FB57DDB-92F8-474A-8703-B4C5712D084A}"
EndProject
Project("{FAE04EC0-301F-11D3-BF4B-00C04F79EFBC}") = "FluentHelper.ElasticSearch.Examples.Repositories", "FluentHelper.ElasticSearch.Examples.Repositories\FluentHelper.ElasticSearch.Examples.Repositories.csproj", "{88571F95-C3F0-4C09-A8B4-8FF7BE688906}"
EndProject
Global
	GlobalSection(SolutionConfigurationPlatforms) = preSolution
		Debug|Any CPU = Debug|Any CPU
		Release|Any CPU = Release|Any CPU
	EndGlobalSection
	GlobalSection(ProjectConfigurationPlatforms) = postSolution
		{0D40856F-9528-41E1-9AB9-EB1194AE6051}.Debug|Any CPU.ActiveCfg = Debug|Any CPU
		{0D40856F-9528-41E1-9AB9-EB1194AE6051}.Debug|Any CPU.Build.0 = Debug|Any CPU
		{0D40856F-9528-41E1-9AB9-EB1194AE6051}.Release|Any CPU.ActiveCfg = Release|Any CPU
		{0D40856F-9528-41E1-9AB9-EB1194AE6051}.Release|Any CPU.Build.0 = Release|Any CPU
		{8C2D1749-46AC-446C-9573-85D82A994ECB}.Debug|Any CPU.ActiveCfg = Debug|Any CPU
		{8C2D1749-46AC-446C-9573-85D82A994ECB}.Debug|Any CPU.Build.0 = Debug|Any CPU
		{8C2D1749-46AC-446C-9573-85D82A994ECB}.Release|Any CPU.ActiveCfg = Release|Any CPU
		{8C2D1749-46AC-446C-9573-85D82A994ECB}.Release|Any CPU.Build.0 = Release|Any CPU
		{887CFD6A-7ECC-451A-A921-7068F7F443FD}.Debug|Any CPU.ActiveCfg = Debug|Any CPU
		{887CFD6A-7ECC-451A-A921-7068F7F443FD}.Debug|Any CPU.Build.0 = Debug|Any CPU
		{887CFD6A-7ECC-451A-A921-7068F7F443FD}.Release|Any CPU.ActiveCfg = Release|Any CPU
		{887CFD6A-7ECC-451A-A921-7068F7F443FD}.Release|Any CPU.Build.0 = Release|Any CPU
		{6FB57DDB-92F8-474A-8703-B4C5712D084A}.Debug|Any CPU.ActiveCfg = Debug|Any CPU
		{6FB57DDB-92F8-474A-8703-B4C5712D084A}.Debug|Any CPU.Build.0 = Debug|Any CPU
		{6FB57DDB-92F8-474A-8703-B4C5712D084A}.Release|Any CPU.ActiveCfg = Release|Any CPU
		{6FB57DDB-92F8-474A-8703-B4C5712D084A}.Release|Any CPU.Build.0 = Release|Any CPU
		{88571F95-C3F0-4C09-A8B4-8FF7BE688906}.Debug|Any CPU.ActiveCfg = Debug|Any CPU
		{88571F95-C3F0-4C09-A8B4-8FF7BE688906}.Debug|Any CPU.Build.0 = Debug|Any CPU
		{88571F95-C3F0-4C09-A8B4-8FF7BE688906}.Release|Any CPU.ActiveCfg = Release|Any CPU
		{88571F95-C3F0-4C09-A8B4-8FF7BE688906}.Release|Any CPU.Build.0 = Release|Any CPU
	EndGlobalSection
	GlobalSection(SolutionProperties) = preSolution
		HideSolutionNode = FALSE
	EndGlobalSection
	GlobalSection(NestedProjects) = preSolution
		{0D40856F-9528-41E1-9AB9-EB1194AE6051} = {778EFD98-BFEF-49F1-9AB3-82AB2D403F60}
	EndGlobalSection
	GlobalSection(ExtensibilityGlobals) = postSolution
		SolutionGuid = {07A9311B-CD22-4C54-9B4A-45DBAA36CD59}
	EndGlobalSection
EndGlobal
